
Microsoft Visual Studio Solution File, Format Version 12.00
# Visual Studio Version 17
VisualStudioVersion = 17.13.35919.96
MinimumVisualStudioVersion = 10.0.40219.1
Project("{FAE04EC0-301F-11D3-BF4B-00C04F79EFBC}") = "CyberGreenhouse.SecurityMonitor", "src\Core\CyberGreenhouse.SecurityMonitor\CyberGreenhouse.SecurityMonitor.csproj", "{35DD7DC3-BEAB-455D-AD5A-4DE8974FB32A}"
EndProject
Project("{2150E333-8FDC-42A3-9474-1A3956D46DE8}") = "Core", "Core", "{36D591C7-65C7-A0D1-1CBC-10CDE441BDC8}"
EndProject
Project("{FAE04EC0-301F-11D3-BF4B-00C04F79EFBC}") = "CyberGreenhouse.MessageBus", "src\Core\CyberGreenhouse.MessageBus\CyberGreenhouse.MessageBus.csproj", "{906255C8-A999-42FD-8069-7893D477B346}"
EndProject
Project("{FAE04EC0-301F-11D3-BF4B-00C04F79EFBC}") = "CyberGreenhouse.MessageBus.RabbitMQ", "src\Core\CyberGreenhouse.MessageBus.RabbitMQ\CyberGreenhouse.MessageBus.RabbitMQ.csproj", "{95E38928-A8DC-40B5-B89C-F037EE0A24D2}"
EndProject
Project("{E53339B2-1760-4266-BCC7-CA923CBCF16C}") = "CyberGreenhouse.DockerCompose", "deploy\CyberGreenhouse.DockerCompose.dcproj", "{81DDED9D-158B-E303-5F62-77A2896D2A5A}"
EndProject
Project("{2150E333-8FDC-42A3-9474-1A3956D46DE8}") = "Modules", "Modules", "{B554F6C5-F485-4AE7-ADCA-C4406A946233}"
EndProject
Project("{2150E333-8FDC-42A3-9474-1A3956D46DE8}") = "Tests", "Tests", "{AA7CBE2B-685B-45B6-8935-4E5070810941}"
EndProject
Project("{FAE04EC0-301F-11D3-BF4B-00C04F79EFBC}") = "CyberGreenhouse.MainControl", "src\Modules\CyberGreenhouse.MainControl\CyberGreenhouse.MainControl.csproj", "{B6353E6E-B066-44BC-9989-0B0D78C9E4B0}"
EndProject
Project("{FAE04EC0-301F-11D3-BF4B-00C04F79EFBC}") = "CyberGreenhouse.Lighting", "src\Modules\CyberGreenhouse.Lighting\CyberGreenhouse.Lighting.csproj", "{A4224EAE-22B6-4392-A7E8-A99A95C9A149}"
EndProject
Project("{FAE04EC0-301F-11D3-BF4B-00C04F79EFBC}") = "CyberGreenhouse.ClimateControl", "CyberGreenhouse.ClimateControl\CyberGreenhouse.ClimateControl.csproj", "{7023C6AD-ABCD-4992-BCD5-BC767AE50526}"
EndProject
Project("{FAE04EC0-301F-11D3-BF4B-00C04F79EFBC}") = "CyberGreenhouse.RipenessMonitor", "src\Modules\CyberGreenhouse.RipenessMonitor\CyberGreenhouse.RipenessMonitor.csproj", "{825AAE0A-3ED2-476A-8542-57B6B38CA52F}"
EndProject
Project("{FAE04EC0-301F-11D3-BF4B-00C04F79EFBC}") = "CyberGreenhouse.Irrigation", "src\Modules\CyberGreenhouse.Irrigation\CyberGreenhouse.Irrigation.csproj", "{E2FFBE58-1677-4583-B886-F210EA807445}"
EndProject
Project("{FAE04EC0-301F-11D3-BF4B-00C04F79EFBC}") = "CyberGreenhouse.Harvesting", "src\Modules\CyberGreenhouse.Harvesting\CyberGreenhouse.Harvesting.csproj", "{C5AFE4C5-7A12-43C2-9253-C033313E841B}"
EndProject
Project("{FAE04EC0-301F-11D3-BF4B-00C04F79EFBC}") = "CyberGreenhouse.Planting", "src\Modules\CyberGreenhouse.Planting\CyberGreenhouse.Planting.csproj", "{520A0033-7C43-42DB-A491-1E6DE52907E8}"
EndProject
Global
	GlobalSection(SolutionConfigurationPlatforms) = preSolution
		Debug|Any CPU = Debug|Any CPU
		Release|Any CPU = Release|Any CPU
	EndGlobalSection
	GlobalSection(ProjectConfigurationPlatforms) = postSolution
		{35DD7DC3-BEAB-455D-AD5A-4DE8974FB32A}.Debug|Any CPU.ActiveCfg = Debug|Any CPU
		{35DD7DC3-BEAB-455D-AD5A-4DE8974FB32A}.Debug|Any CPU.Build.0 = Debug|Any CPU
		{35DD7DC3-BEAB-455D-AD5A-4DE8974FB32A}.Release|Any CPU.ActiveCfg = Release|Any CPU
		{35DD7DC3-BEAB-455D-AD5A-4DE8974FB32A}.Release|Any CPU.Build.0 = Release|Any CPU
		{906255C8-A999-42FD-8069-7893D477B346}.Debug|Any CPU.ActiveCfg = Debug|Any CPU
		{906255C8-A999-42FD-8069-7893D477B346}.Debug|Any CPU.Build.0 = Debug|Any CPU
		{906255C8-A999-42FD-8069-7893D477B346}.Release|Any CPU.ActiveCfg = Release|Any CPU
		{906255C8-A999-42FD-8069-7893D477B346}.Release|Any CPU.Build.0 = Release|Any CPU
		{95E38928-A8DC-40B5-B89C-F037EE0A24D2}.Debug|Any CPU.ActiveCfg = Debug|Any CPU
		{95E38928-A8DC-40B5-B89C-F037EE0A24D2}.Debug|Any CPU.Build.0 = Debug|Any CPU
		{95E38928-A8DC-40B5-B89C-F037EE0A24D2}.Release|Any CPU.ActiveCfg = Release|Any CPU
		{95E38928-A8DC-40B5-B89C-F037EE0A24D2}.Release|Any CPU.Build.0 = Release|Any CPU
		{81DDED9D-158B-E303-5F62-77A2896D2A5A}.Debug|Any CPU.ActiveCfg = Debug|Any CPU
		{81DDED9D-158B-E303-5F62-77A2896D2A5A}.Debug|Any CPU.Build.0 = Debug|Any CPU
		{81DDED9D-158B-E303-5F62-77A2896D2A5A}.Release|Any CPU.ActiveCfg = Release|Any CPU
		{81DDED9D-158B-E303-5F62-77A2896D2A5A}.Release|Any CPU.Build.0 = Release|Any CPU
		{B6353E6E-B066-44BC-9989-0B0D78C9E4B0}.Debug|Any CPU.ActiveCfg = Debug|Any CPU
		{B6353E6E-B066-44BC-9989-0B0D78C9E4B0}.Debug|Any CPU.Build.0 = Debug|Any CPU
		{B6353E6E-B066-44BC-9989-0B0D78C9E4B0}.Release|Any CPU.ActiveCfg = Release|Any CPU
		{B6353E6E-B066-44BC-9989-0B0D78C9E4B0}.Release|Any CPU.Build.0 = Release|Any CPU
		{A4224EAE-22B6-4392-A7E8-A99A95C9A149}.Debug|Any CPU.ActiveCfg = Debug|Any CPU
		{A4224EAE-22B6-4392-A7E8-A99A95C9A149}.Debug|Any CPU.Build.0 = Debug|Any CPU
		{A4224EAE-22B6-4392-A7E8-A99A95C9A149}.Release|Any CPU.ActiveCfg = Release|Any CPU
		{A4224EAE-22B6-4392-A7E8-A99A95C9A149}.Release|Any CPU.Build.0 = Release|Any CPU
		{7023C6AD-ABCD-4992-BCD5-BC767AE50526}.Debug|Any CPU.ActiveCfg = Debug|Any CPU
		{7023C6AD-ABCD-4992-BCD5-BC767AE50526}.Debug|Any CPU.Build.0 = Debug|Any CPU
		{7023C6AD-ABCD-4992-BCD5-BC767AE50526}.Release|Any CPU.ActiveCfg = Release|Any CPU
		{7023C6AD-ABCD-4992-BCD5-BC767AE50526}.Release|Any CPU.Build.0 = Release|Any CPU
		{825AAE0A-3ED2-476A-8542-57B6B38CA52F}.Debug|Any CPU.ActiveCfg = Debug|Any CPU
		{825AAE0A-3ED2-476A-8542-57B6B38CA52F}.Debug|Any CPU.Build.0 = Debug|Any CPU
		{825AAE0A-3ED2-476A-8542-57B6B38CA52F}.Release|Any CPU.ActiveCfg = Release|Any CPU
		{825AAE0A-3ED2-476A-8542-57B6B38CA52F}.Release|Any CPU.Build.0 = Release|Any CPU
		{E2FFBE58-1677-4583-B886-F210EA807445}.Debug|Any CPU.ActiveCfg = Debug|Any CPU
		{E2FFBE58-1677-4583-B886-F210EA807445}.Debug|Any CPU.Build.0 = Debug|Any CPU
		{E2FFBE58-1677-4583-B886-F210EA807445}.Release|Any CPU.ActiveCfg = Release|Any CPU
		{E2FFBE58-1677-4583-B886-F210EA807445}.Release|Any CPU.Build.0 = Release|Any CPU
		{C5AFE4C5-7A12-43C2-9253-C033313E841B}.Debug|Any CPU.ActiveCfg = Debug|Any CPU
		{C5AFE4C5-7A12-43C2-9253-C033313E841B}.Debug|Any CPU.Build.0 = Debug|Any CPU
		{C5AFE4C5-7A12-43C2-9253-C033313E841B}.Release|Any CPU.ActiveCfg = Release|Any CPU
		{C5AFE4C5-7A12-43C2-9253-C033313E841B}.Release|Any CPU.Build.0 = Release|Any CPU
		{520A0033-7C43-42DB-A491-1E6DE52907E8}.Debug|Any CPU.ActiveCfg = Debug|Any CPU
		{520A0033-7C43-42DB-A491-1E6DE52907E8}.Debug|Any CPU.Build.0 = Debug|Any CPU
		{520A0033-7C43-42DB-A491-1E6DE52907E8}.Release|Any CPU.ActiveCfg = Release|Any CPU
		{520A0033-7C43-42DB-A491-1E6DE52907E8}.Release|Any CPU.Build.0 = Release|Any CPU
	EndGlobalSection
	GlobalSection(SolutionProperties) = preSolution
		HideSolutionNode = FALSE
	EndGlobalSection
	GlobalSection(NestedProjects) = preSolution
		{35DD7DC3-BEAB-455D-AD5A-4DE8974FB32A} = {36D591C7-65C7-A0D1-1CBC-10CDE441BDC8}
		{906255C8-A999-42FD-8069-7893D477B346} = {36D591C7-65C7-A0D1-1CBC-10CDE441BDC8}
		{95E38928-A8DC-40B5-B89C-F037EE0A24D2} = {36D591C7-65C7-A0D1-1CBC-10CDE441BDC8}
		{B6353E6E-B066-44BC-9989-0B0D78C9E4B0} = {B554F6C5-F485-4AE7-ADCA-C4406A946233}
		{A4224EAE-22B6-4392-A7E8-A99A95C9A149} = {B554F6C5-F485-4AE7-ADCA-C4406A946233}
		{7023C6AD-ABCD-4992-BCD5-BC767AE50526} = {B554F6C5-F485-4AE7-ADCA-C4406A946233}
		{825AAE0A-3ED2-476A-8542-57B6B38CA52F} = {B554F6C5-F485-4AE7-ADCA-C4406A946233}
		{E2FFBE58-1677-4583-B886-F210EA807445} = {B554F6C5-F485-4AE7-ADCA-C4406A946233}
		{C5AFE4C5-7A12-43C2-9253-C033313E841B} = {B554F6C5-F485-4AE7-ADCA-C4406A946233}
		{520A0033-7C43-42DB-A491-1E6DE52907E8} = {B554F6C5-F485-4AE7-ADCA-C4406A946233}
	EndGlobalSection
	GlobalSection(ExtensibilityGlobals) = postSolution
		SolutionGuid = {013EA216-6DD7-4102-B990-6AB10C4CDEA9}
	EndGlobalSection
EndGlobal
